
Microsoft Visual Studio Solution File, Format Version 10.00
# Visual Studio 2008
# SharpDevelop 3.2.1.6466
Project("{FAE04EC0-301F-11D3-BF4B-00C04F79EFBC}") = "MenuOnRobot", "MenuOnRobot\MenuOnRobot.csproj", "{71E09A25-7D11-4208-A60E-C2AFFC4DA2D2}"
EndProject
Global
	GlobalSection(SolutionConfigurationPlatforms) = preSolution
		Debug|Any CPU = Debug|Any CPU
		Release|Any CPU = Release|Any CPU
	EndGlobalSection
	GlobalSection(ProjectConfigurationPlatforms) = postSolution
		{71E09A25-7D11-4208-A60E-C2AFFC4DA2D2}.Debug|Any CPU.ActiveCfg = Debug|Any CPU
		{71E09A25-7D11-4208-A60E-C2AFFC4DA2D2}.Debug|Any CPU.Build.0 = Debug|Any CPU
		{71E09A25-7D11-4208-A60E-C2AFFC4DA2D2}.Release|Any CPU.ActiveCfg = Release|Any CPU
		{71E09A25-7D11-4208-A60E-C2AFFC4DA2D2}.Release|Any CPU.Build.0 = Release|Any CPU
	EndGlobalSection
	GlobalSection(SolutionProperties) = preSolution
		HideSolutionNode = FALSE
	EndGlobalSection
EndGlobal
